
Microsoft Visual Studio Solution File, Format Version 12.00
# Visual Studio 15
VisualStudioVersion = 15.0.28307.572
MinimumVisualStudioVersion = 10.0.40219.1
Project("{00D1A9C2-B5F0-4AF3-8072-F6C62B433612}") = "01-Creating_Tables", "01-Creating_Tables\01-Creating_Tables.sqlproj", "{C70A8C95-364F-432E-8D48-7F7D8DEEF7D8}"
EndProject
Global
	GlobalSection(SolutionConfigurationPlatforms) = preSolution
		Debug|Any CPU = Debug|Any CPU
		Release|Any CPU = Release|Any CPU
	EndGlobalSection
	GlobalSection(ProjectConfigurationPlatforms) = postSolution
		{C70A8C95-364F-432E-8D48-7F7D8DEEF7D8}.Debug|Any CPU.ActiveCfg = Debug|Any CPU
		{C70A8C95-364F-432E-8D48-7F7D8DEEF7D8}.Debug|Any CPU.Build.0 = Debug|Any CPU
		{C70A8C95-364F-432E-8D48-7F7D8DEEF7D8}.Debug|Any CPU.Deploy.0 = Debug|Any CPU
		{C70A8C95-364F-432E-8D48-7F7D8DEEF7D8}.Release|Any CPU.ActiveCfg = Release|Any CPU
		{C70A8C95-364F-432E-8D48-7F7D8DEEF7D8}.Release|Any CPU.Build.0 = Release|Any CPU
		{C70A8C95-364F-432E-8D48-7F7D8DEEF7D8}.Release|Any CPU.Deploy.0 = Release|Any CPU
	EndGlobalSection
	GlobalSection(SolutionProperties) = preSolution
		HideSolutionNode = FALSE
	EndGlobalSection
	GlobalSection(ExtensibilityGlobals) = postSolution
		SolutionGuid = {1C5689FD-866D-462B-9D81-2F29FA5546DC}
	EndGlobalSection
EndGlobal
